# This file is automatically @generated by Poetry 1.7.1 and should not be changed by hand.

[[package]]
name = "asgiref"
version = "3.6.0"
description = "ASGI specs, helper code, and adapters"
optional = false
python-versions = ">=3.7"
files = [
    {file = "asgiref-3.6.0-py3-none-any.whl", hash = "sha256:71e68008da809b957b7ee4b43dbccff33d1b23519fb8344e33f049897077afac"},
    {file = "asgiref-3.6.0.tar.gz", hash = "sha256:9567dfe7bd8d3c8c892227827c41cce860b368104c3431da67a0c5a65a949506"},
]

[package.extras]
tests = ["mypy (>=0.800)", "pytest", "pytest-asyncio"]

[[package]]
name = "backports-zoneinfo"
version = "0.2.1"
description = "Backport of the standard library zoneinfo module"
optional = false
python-versions = ">=3.6"
files = [
    {file = "backports.zoneinfo-0.2.1-cp36-cp36m-macosx_10_14_x86_64.whl", hash = "sha256:da6013fd84a690242c310d77ddb8441a559e9cb3d3d59ebac9aca1a57b2e18bc"},
    {file = "backports.zoneinfo-0.2.1-cp36-cp36m-manylinux1_i686.whl", hash = "sha256:89a48c0d158a3cc3f654da4c2de1ceba85263fafb861b98b59040a5086259722"},
    {file = "backports.zoneinfo-0.2.1-cp36-cp36m-manylinux1_x86_64.whl", hash = "sha256:1c5742112073a563c81f786e77514969acb58649bcdf6cdf0b4ed31a348d4546"},
    {file = "backports.zoneinfo-0.2.1-cp36-cp36m-win32.whl", hash = "sha256:e8236383a20872c0cdf5a62b554b27538db7fa1bbec52429d8d106effbaeca08"},
    {file = "backports.zoneinfo-0.2.1-cp36-cp36m-win_amd64.whl", hash = "sha256:8439c030a11780786a2002261569bdf362264f605dfa4d65090b64b05c9f79a7"},
    {file = "backports.zoneinfo-0.2.1-cp37-cp37m-macosx_10_14_x86_64.whl", hash = "sha256:f04e857b59d9d1ccc39ce2da1021d196e47234873820cbeaad210724b1ee28ac"},
    {file = "backports.zoneinfo-0.2.1-cp37-cp37m-manylinux1_i686.whl", hash = "sha256:17746bd546106fa389c51dbea67c8b7c8f0d14b5526a579ca6ccf5ed72c526cf"},
    {file = "backports.zoneinfo-0.2.1-cp37-cp37m-manylinux1_x86_64.whl", hash = "sha256:5c144945a7752ca544b4b78c8c41544cdfaf9786f25fe5ffb10e838e19a27570"},
    {file = "backports.zoneinfo-0.2.1-cp37-cp37m-win32.whl", hash = "sha256:e55b384612d93be96506932a786bbcde5a2db7a9e6a4bb4bffe8b733f5b9036b"},
    {file = "backports.zoneinfo-0.2.1-cp37-cp37m-win_amd64.whl", hash = "sha256:a76b38c52400b762e48131494ba26be363491ac4f9a04c1b7e92483d169f6582"},
    {file = "backports.zoneinfo-0.2.1-cp38-cp38-macosx_10_14_x86_64.whl", hash = "sha256:8961c0f32cd0336fb8e8ead11a1f8cd99ec07145ec2931122faaac1c8f7fd987"},
    {file = "backports.zoneinfo-0.2.1-cp38-cp38-manylinux1_i686.whl", hash = "sha256:e81b76cace8eda1fca50e345242ba977f9be6ae3945af8d46326d776b4cf78d1"},
    {file = "backports.zoneinfo-0.2.1-cp38-cp38-manylinux1_x86_64.whl", hash = "sha256:7b0a64cda4145548fed9efc10322770f929b944ce5cee6c0dfe0c87bf4c0c8c9"},
    {file = "backports.zoneinfo-0.2.1-cp38-cp38-win32.whl", hash = "sha256:1b13e654a55cd45672cb54ed12148cd33628f672548f373963b0bff67b217328"},
    {file = "backports.zoneinfo-0.2.1-cp38-cp38-win_amd64.whl", hash = "sha256:4a0f800587060bf8880f954dbef70de6c11bbe59c673c3d818921f042f9954a6"},
    {file = "backports.zoneinfo-0.2.1.tar.gz", hash = "sha256:fadbfe37f74051d024037f223b8e001611eac868b5c5b06144ef4d8b799862f2"},
]

[package.extras]
tzdata = ["tzdata"]

[[package]]
name = "black"
version = "23.12.1"
description = "The uncompromising code formatter."
optional = false
python-versions = ">=3.8"
files = [
    {file = "black-23.12.1-cp310-cp310-macosx_10_9_x86_64.whl", hash = "sha256:e0aaf6041986767a5e0ce663c7a2f0e9eaf21e6ff87a5f95cbf3675bfd4c41d2"},
    {file = "black-23.12.1-cp310-cp310-macosx_11_0_arm64.whl", hash = "sha256:c88b3711d12905b74206227109272673edce0cb29f27e1385f33b0163c414bba"},
    {file = "black-23.12.1-cp310-cp310-manylinux_2_17_x86_64.manylinux2014_x86_64.whl", hash = "sha256:a920b569dc6b3472513ba6ddea21f440d4b4c699494d2e972a1753cdc25df7b0"},
    {file = "black-23.12.1-cp310-cp310-win_amd64.whl", hash = "sha256:3fa4be75ef2a6b96ea8d92b1587dd8cb3a35c7e3d51f0738ced0781c3aa3a5a3"},
    {file = "black-23.12.1-cp311-cp311-macosx_10_9_x86_64.whl", hash = "sha256:8d4df77958a622f9b5a4c96edb4b8c0034f8434032ab11077ec6c56ae9f384ba"},
    {file = "black-23.12.1-cp311-cp311-macosx_11_0_arm64.whl", hash = "sha256:602cfb1196dc692424c70b6507593a2b29aac0547c1be9a1d1365f0d964c353b"},
    {file = "black-23.12.1-cp311-cp311-manylinux_2_17_x86_64.manylinux2014_x86_64.whl", hash = "sha256:9c4352800f14be5b4864016882cdba10755bd50805c95f728011bcb47a4afd59"},
    {file = "black-23.12.1-cp311-cp311-win_amd64.whl", hash = "sha256:0808494f2b2df923ffc5723ed3c7b096bd76341f6213989759287611e9837d50"},
    {file = "black-23.12.1-cp312-cp312-macosx_10_9_x86_64.whl", hash = "sha256:25e57fd232a6d6ff3f4478a6fd0580838e47c93c83eaf1ccc92d4faf27112c4e"},
    {file = "black-23.12.1-cp312-cp312-macosx_11_0_arm64.whl", hash = "sha256:2d9e13db441c509a3763a7a3d9a49ccc1b4e974a47be4e08ade2a228876500ec"},
    {file = "black-23.12.1-cp312-cp312-manylinux_2_17_x86_64.manylinux2014_x86_64.whl", hash = "sha256:6d1bd9c210f8b109b1762ec9fd36592fdd528485aadb3f5849b2740ef17e674e"},
    {file = "black-23.12.1-cp312-cp312-win_amd64.whl", hash = "sha256:ae76c22bde5cbb6bfd211ec343ded2163bba7883c7bc77f6b756a1049436fbb9"},
    {file = "black-23.12.1-cp38-cp38-macosx_10_9_x86_64.whl", hash = "sha256:1fa88a0f74e50e4487477bc0bb900c6781dbddfdfa32691e780bf854c3b4a47f"},
    {file = "black-23.12.1-cp38-cp38-macosx_11_0_arm64.whl", hash = "sha256:a4d6a9668e45ad99d2f8ec70d5c8c04ef4f32f648ef39048d010b0689832ec6d"},
    {file = "black-23.12.1-cp38-cp38-manylinux_2_17_x86_64.manylinux2014_x86_64.whl", hash = "sha256:b18fb2ae6c4bb63eebe5be6bd869ba2f14fd0259bda7d18a46b764d8fb86298a"},
    {file = "black-23.12.1-cp38-cp38-win_amd64.whl", hash = "sha256:c04b6d9d20e9c13f43eee8ea87d44156b8505ca8a3c878773f68b4e4812a421e"},
    {file = "black-23.12.1-cp39-cp39-macosx_10_9_x86_64.whl", hash = "sha256:3e1b38b3135fd4c025c28c55ddfc236b05af657828a8a6abe5deec419a0b7055"},
    {file = "black-23.12.1-cp39-cp39-macosx_11_0_arm64.whl", hash = "sha256:4f0031eaa7b921db76decd73636ef3a12c942ed367d8c3841a0739412b260a54"},
    {file = "black-23.12.1-cp39-cp39-manylinux_2_17_x86_64.manylinux2014_x86_64.whl", hash = "sha256:97e56155c6b737854e60a9ab1c598ff2533d57e7506d97af5481141671abf3ea"},
    {file = "black-23.12.1-cp39-cp39-win_amd64.whl", hash = "sha256:dd15245c8b68fe2b6bd0f32c1556509d11bb33aec9b5d0866dd8e2ed3dba09c2"},
    {file = "black-23.12.1-py3-none-any.whl", hash = "sha256:78baad24af0f033958cad29731e27363183e140962595def56423e626f4bee3e"},
    {file = "black-23.12.1.tar.gz", hash = "sha256:4ce3ef14ebe8d9509188014d96af1c456a910d5b5cbf434a09fef7e024b3d0d5"},
]

[package.dependencies]
click = ">=8.0.0"
mypy-extensions = ">=0.4.3"
packaging = ">=22.0"
pathspec = ">=0.9.0"
platformdirs = ">=2"
tomli = {version = ">=1.1.0", markers = "python_version < \"3.11\""}
typing-extensions = {version = ">=4.0.1", markers = "python_version < \"3.11\""}

[package.extras]
colorama = ["colorama (>=0.4.3)"]
d = ["aiohttp (>=3.7.4)", "aiohttp (>=3.7.4,!=3.9.0)"]
jupyter = ["ipython (>=7.8.0)", "tokenize-rt (>=3.2.0)"]
uvloop = ["uvloop (>=0.15.2)"]

[[package]]
name = "bleach"
version = "6.1.0"
description = "An easy safelist-based HTML-sanitizing tool."
optional = false
python-versions = ">=3.8"
files = [
    {file = "bleach-6.1.0-py3-none-any.whl", hash = "sha256:3225f354cfc436b9789c66c4ee030194bee0568fbf9cbdad3bc8b5c26c5f12b6"},
    {file = "bleach-6.1.0.tar.gz", hash = "sha256:0a31f1837963c41d46bbf1331b8778e1308ea0791db03cc4e7357b97cf42a8fe"},
]

[package.dependencies]
six = ">=1.9.0"
webencodings = "*"

[package.extras]
css = ["tinycss2 (>=1.1.0,<1.3)"]

[[package]]
name = "click"
version = "8.1.3"
description = "Composable command line interface toolkit"
optional = false
python-versions = ">=3.7"
files = [
    {file = "click-8.1.3-py3-none-any.whl", hash = "sha256:bb4d8133cb15a609f44e8213d9b391b0809795062913b383c62be0ee95b1db48"},
    {file = "click-8.1.3.tar.gz", hash = "sha256:7682dc8afb30297001674575ea00d1814d808d6a36af415a82bd481d37ba7b8e"},
]

[package.dependencies]
colorama = {version = "*", markers = "platform_system == \"Windows\""}

[[package]]
name = "colorama"
version = "0.4.6"
description = "Cross-platform colored terminal text."
optional = false
python-versions = "!=3.0.*,!=3.1.*,!=3.2.*,!=3.3.*,!=3.4.*,!=3.5.*,!=3.6.*,>=2.7"
files = [
    {file = "colorama-0.4.6-py2.py3-none-any.whl", hash = "sha256:4f1d9991f5acc0ca119f9d443620b77f9d6b33703e51011c16baf57afb285fc6"},
    {file = "colorama-0.4.6.tar.gz", hash = "sha256:08695f5cb7ed6e0531a20572697297273c47b8cae5a63ffc6d6ed5c201be6e44"},
]

[[package]]
name = "django"
version = "4.2.9"
description = "A high-level Python web framework that encourages rapid development and clean, pragmatic design."
optional = false
python-versions = ">=3.8"
files = [
    {file = "Django-4.2.9-py3-none-any.whl", hash = "sha256:2cc2fc7d1708ada170ddd6c99f35cc25db664f165d3794bc7723f46b2f8c8984"},
    {file = "Django-4.2.9.tar.gz", hash = "sha256:12498cc3cb8bc8038539fef9e90e95f507502436c1f0c3a673411324fa675d14"},
]

[package.dependencies]
asgiref = ">=3.6.0,<4"
"backports.zoneinfo" = {version = "*", markers = "python_version < \"3.9\""}
sqlparse = ">=0.3.1"
tzdata = {version = "*", markers = "sys_platform == \"win32\""}

[package.extras]
argon2 = ["argon2-cffi (>=19.1.0)"]
bcrypt = ["bcrypt"]

[[package]]
name = "mypy-extensions"
version = "0.4.3"
description = "Experimental type system extensions for programs checked with the mypy typechecker."
optional = false
python-versions = "*"
files = [
    {file = "mypy_extensions-0.4.3-py2.py3-none-any.whl", hash = "sha256:090fedd75945a69ae91ce1303b5824f428daf5a028d2f6ab8a299250a846f15d"},
    {file = "mypy_extensions-0.4.3.tar.gz", hash = "sha256:2d82818f5bb3e369420cb3c4060a7970edba416647068eb4c5343488a6c604a8"},
]

[[package]]
name = "packaging"
version = "23.0"
description = "Core utilities for Python packages"
optional = false
python-versions = ">=3.7"
files = [
    {file = "packaging-23.0-py3-none-any.whl", hash = "sha256:714ac14496c3e68c99c29b00845f7a2b85f3bb6f1078fd9f72fd20f0570002b2"},
    {file = "packaging-23.0.tar.gz", hash = "sha256:b6ad297f8907de0fa2fe1ccbd26fdaf387f5f47c7275fedf8cce89f99446cf97"},
]

[[package]]
name = "pathspec"
version = "0.11.0"
description = "Utility library for gitignore style pattern matching of file paths."
optional = false
python-versions = ">=3.7"
files = [
    {file = "pathspec-0.11.0-py3-none-any.whl", hash = "sha256:3a66eb970cbac598f9e5ccb5b2cf58930cd8e3ed86d393d541eaf2d8b1705229"},
    {file = "pathspec-0.11.0.tar.gz", hash = "sha256:64d338d4e0914e91c1792321e6907b5a593f1ab1851de7fc269557a21b30ebbc"},
]

[[package]]
name = "platformdirs"
version = "2.6.2"
description = "A small Python package for determining appropriate platform-specific dirs, e.g. a \"user data dir\"."
optional = false
python-versions = ">=3.7"
files = [
    {file = "platformdirs-2.6.2-py3-none-any.whl", hash = "sha256:83c8f6d04389165de7c9b6f0c682439697887bca0aa2f1c87ef1826be3584490"},
    {file = "platformdirs-2.6.2.tar.gz", hash = "sha256:e1fea1fe471b9ff8332e229df3cb7de4f53eeea4998d3b6bfff542115e998bd2"},
]

[package.extras]
docs = ["furo (>=2022.12.7)", "proselint (>=0.13)", "sphinx (>=5.3)", "sphinx-autodoc-typehints (>=1.19.5)"]
test = ["appdirs (==1.4.4)", "covdefaults (>=2.2.2)", "pytest (>=7.2)", "pytest-cov (>=4)", "pytest-mock (>=3.10)"]

[[package]]
name = "six"
version = "1.16.0"
description = "Python 2 and 3 compatibility utilities"
optional = false
python-versions = ">=2.7, !=3.0.*, !=3.1.*, !=3.2.*"
files = [
    {file = "six-1.16.0-py2.py3-none-any.whl", hash = "sha256:8abb2f1d86890a2dfb989f9a77cfcfd3e47c2a354b01111771326f8aa26e0254"},
    {file = "six-1.16.0.tar.gz", hash = "sha256:1e61c37477a1626458e36f7b1d82aa5c9b094fa4802892072e49de9c60c4c926"},
]

[[package]]
name = "sqlparse"
version = "0.4.4"
description = "A non-validating SQL parser."
optional = false
python-versions = ">=3.5"
files = [
    {file = "sqlparse-0.4.4-py3-none-any.whl", hash = "sha256:5430a4fe2ac7d0f93e66f1efc6e1338a41884b7ddf2a350cedd20ccc4d9d28f3"},
    {file = "sqlparse-0.4.4.tar.gz", hash = "sha256:d446183e84b8349fa3061f0fe7f06ca94ba65b426946ffebe6e3e8295332420c"},
]

[package.extras]
dev = ["build", "flake8"]
doc = ["sphinx"]
test = ["pytest", "pytest-cov"]

[[package]]
name = "tomli"
version = "2.0.1"
description = "A lil' TOML parser"
optional = false
python-versions = ">=3.7"
files = [
    {file = "tomli-2.0.1-py3-none-any.whl", hash = "sha256:939de3e7a6161af0c887ef91b7d41a53e7c5a1ca976325f429cb46ea9bc30ecc"},
    {file = "tomli-2.0.1.tar.gz", hash = "sha256:de526c12914f0c550d15924c62d72abc48d6fe7364aa87328337a31007fe8a4f"},
]

[[package]]
name = "typing-extensions"
version = "4.4.0"
description = "Backported and Experimental Type Hints for Python 3.7+"
optional = false
python-versions = ">=3.7"
files = [
    {file = "typing_extensions-4.4.0-py3-none-any.whl", hash = "sha256:16fa4864408f655d35ec496218b85f79b3437c829e93320c7c9215ccfd92489e"},
    {file = "typing_extensions-4.4.0.tar.gz", hash = "sha256:1511434bb92bf8dd198c12b1cc812e800d4181cfcb867674e0f8279cc93087aa"},
]

[[package]]
name = "tzdata"
version = "2022.7"
description = "Provider of IANA time zone data"
optional = false
python-versions = ">=2"
files = [
    {file = "tzdata-2022.7-py2.py3-none-any.whl", hash = "sha256:2b88858b0e3120792a3c0635c23daf36a7d7eeeca657c323da299d2094402a0d"},
    {file = "tzdata-2022.7.tar.gz", hash = "sha256:fe5f866eddd8b96e9fcba978f8e503c909b19ea7efda11e52e39494bad3a7bfa"},
]

[[package]]
name = "webencodings"
version = "0.5.1"
description = "Character encoding aliases for legacy web content"
optional = false
python-versions = "*"
files = [
    {file = "webencodings-0.5.1-py2.py3-none-any.whl", hash = "sha256:a0af1213f3c2226497a97e2b3aa01a7e4bee4f403f95be16fc9acd2947514a78"},
    {file = "webencodings-0.5.1.tar.gz", hash = "sha256:b36a1c245f2d304965eb4e0a82848379241dc04b865afcc4aab16748587e1923"},
]

[metadata]
lock-version = "2.0"
python-versions = "^3.8"
content-hash = "152da2de35cbcbc692384280bd22c1122cbc3753bde009802cf2173234407e58"
