# THIS IS AN AUTOGENERATED FILE. DO NOT EDIT THIS FILE DIRECTLY.
# yarn lockfile v1


prettier@3.0.2:
  version "3.0.2"
  resolved "https://registry.yarnpkg.com/prettier/-/prettier-3.0.2.tgz#78fcecd6d870551aa5547437cdae39d4701dca5b"
  integrity sha512-o2YR9qtniXvwEZlOKbveKfDQVyqxbEIWn48Z8m3ZJjBjcCmUy3xZGIv+7AkaeuaTr6yPXJjwv07ZWlsWbEy1rQ==
